// !$*UTF8*$!
{
	archiveVersion = 1;
	classes = {
	};
	objectVersion = 50;
	objects = {

/* Begin PBXBuildFile section */
		1FB9B76524A7854C00A4D1C8 /* AppDelegate.m in Sources */ = {isa = PBXBuildFile; fileRef = 1FB9B76424A7854C00A4D1C8 /* AppDelegate.m */; };
		1FB9B76824A7854C00A4D1C8 /* SceneDelegate.m in Sources */ = {isa = PBXBuildFile; fileRef = 1FB9B76724A7854C00A4D1C8 /* SceneDelegate.m */; };
		1FB9B76B24A7854C00A4D1C8 /* ViewController.m in Sources */ = {isa = PBXBuildFile; fileRef = 1FB9B76A24A7854C00A4D1C8 /* ViewController.m */; };
		1FB9B76E24A7854C00A4D1C8 /* Main.storyboard in Resources */ = {isa = PBXBuildFile; fileRef = 1FB9B76C24A7854C00A4D1C8 /* Main.storyboard */; };
		1FB9B77024A7854C00A4D1C8 /* Assets.xcassets in Resources */ = {isa = PBXBuildFile; fileRef = 1FB9B76F24A7854C00A4D1C8 /* Assets.xcassets */; };
		1FB9B77324A7854C00A4D1C8 /* LaunchScreen.storyboard in Resources */ = {isa = PBXBuildFile; fileRef = 1FB9B77124A7854C00A4D1C8 /* LaunchScreen.storyboard */; };
		1FB9B77624A7854C00A4D1C8 /* main.m in Sources */ = {isa = PBXBuildFile; fileRef = 1FB9B77524A7854C00A4D1C8 /* main.m */; };
		1FB9B78024A7854D00A4D1C8 /* XzwTestTests.m in Sources */ = {isa = PBXBuildFile; fileRef = 1FB9B77F24A7854D00A4D1C8 /* XzwTestTests.m */; };
		1FB9B78B24A7854D00A4D1C8 /* XzwTestUITests.m in Sources */ = {isa = PBXBuildFile; fileRef = 1FB9B78A24A7854D00A4D1C8 /* XzwTestUITests.m */; };
/* End PBXBuildFile section */

/* Begin PBXContainerItemProxy section */
		1FB9B77C24A7854D00A4D1C8 /* PBXContainerItemProxy */ = {
			isa = PBXContainerItemProxy;
			containerPortal = 1FB9B75824A7854C00A4D1C8 /* Project object */;
			proxyType = 1;
			remoteGlobalIDString = 1FB9B75F24A7854C00A4D1C8;
			remoteInfo = XzwTest;
		};
		1FB9B78724A7854D00A4D1C8 /* PBXContainerItemProxy */ = {
			isa = PBXContainerItemProxy;
			containerPortal = 1FB9B75824A7854C00A4D1C8 /* Project object */;
			proxyType = 1;
			remoteGlobalIDString = 1FB9B75F24A7854C00A4D1C8;
			remoteInfo = XzwTest;
		};
/* End PBXContainerItemProxy section */

/* Begin PBXFileReference section */
		1FB9B76024A7854C00A4D1C8 /* XzwTest.app */ = {isa = PBXFileReference; explicitFileType = wrapper.application; includeInIndex = 0; path = XzwTest.app; sourceTree = BUILT_PRODUCTS_DIR; };
		1FB9B76324A7854C00A4D1C8 /* AppDelegate.h */ = {isa = PBXFileReference; lastKnownFileType = sourcecode.c.h; path = AppDelegate.h; sourceTree = "<group>"; };
		1FB9B76424A7854C00A4D1C8 /* AppDelegate.m */ = {isa = PBXFileReference; lastKnownFileType = sourcecode.c.objc; path = AppDelegate.m; sourceTree = "<group>"; };
		1FB9B76624A7854C00A4D1C8 /* SceneDelegate.h */ = {isa = PBXFileReference; lastKnownFileType = sourcecode.c.h; path = SceneDelegate.h; sourceTree = "<group>"; };
		1FB9B76724A7854C00A4D1C8 /* SceneDelegate.m */ = {isa = PBXFileReference; lastKnownFileType = sourcecode.c.objc; path = SceneDelegate.m; sourceTree = "<group>"; };
		1FB9B76924A7854C00A4D1C8 /* ViewController.h */ = {isa = PBXFileReference; lastKnownFileType = sourcecode.c.h; path = ViewController.h; sourceTree = "<group>"; };
		1FB9B76A24A7854C00A4D1C8 /* ViewController.m */ = {isa = PBXFileReference; lastKnownFileType = sourcecode.c.objc; path = ViewController.m; sourceTree = "<group>"; };
		1FB9B76D24A7854C00A4D1C8 /* Base */ = {isa = PBXFileReference; lastKnownFileType = file.storyboard; name = Base; path = Base.lproj/Main.storyboard; sourceTree = "<group>"; };
		1FB9B76F24A7854C00A4D1C8 /* Assets.xcassets */ = {isa = PBXFileReference; lastKnownFileType = folder.assetcatalog; path = Assets.xcassets; sourceTree = "<group>"; };
		1FB9B77224A7854C00A4D1C8 /* Base */ = {isa = PBXFileReference; lastKnownFileType = file.storyboard; name = Base; path = Base.lproj/LaunchScreen.storyboard; sourceTree = "<group>"; };
		1FB9B77424A7854C00A4D1C8 /* Info.plist */ = {isa = PBXFileReference; lastKnownFileType = text.plist.xml; path = Info.plist; sourceTree = "<group>"; };
		1FB9B77524A7854C00A4D1C8 /* main.m */ = {isa = PBXFileReference; lastKnownFileType = sourcecode.c.objc; path = main.m; sourceTree = "<group>"; };
		1FB9B77B24A7854D00A4D1C8 /* XzwTestTests.xctest */ = {isa = PBXFileReference; explicitFileType = wrapper.cfbundle; includeInIndex = 0; path = XzwTestTests.xctest; sourceTree = BUILT_PRODUCTS_DIR; };
		1FB9B77F24A7854D00A4D1C8 /* XzwTestTests.m */ = {isa = PBXFileReference; lastKnownFileType = sourcecode.c.objc; path = XzwTestTests.m; sourceTree = "<group>"; };
		1FB9B78124A7854D00A4D1C8 /* Info.plist */ = {isa = PBXFileReference; lastKnownFileType = text.plist.xml; path = Info.plist; sourceTree = "<group>"; };
		1FB9B78624A7854D00A4D1C8 /* XzwTestUITests.xctest */ = {isa = PBXFileReference; explicitFileType = wrapper.cfbundle; includeInIndex = 0; path = XzwTestUITests.xctest; sourceTree = BUILT_PRODUCTS_DIR; };
		1FB9B78A24A7854D00A4D1C8 /* XzwTestUITests.m */ = {isa = PBXFileReference; lastKnownFileType = sourcecode.c.objc; path = XzwTestUITests.m; sourceTree = "<group>"; };
		1FB9B78C24A7854D00A4D1C8 /* Info.plist */ = {isa = PBXFileReference; lastKnownFileType = text.plist.xml; path = Info.plist; sourceTree = "<group>"; };
/* End PBXFileReference section */

/* Begin PBXFrameworksBuildPhase section */
		1FB9B75D24A7854C00A4D1C8 /* Frameworks */ = {
			isa = PBXFrameworksBuildPhase;
			buildActionMask = 2147483647;
			files = (
			);
			runOnlyForDeploymentPostprocessing = 0;
		};
		1FB9B77824A7854D00A4D1C8 /* Frameworks */ = {
			isa = PBXFrameworksBuildPhase;
			buildActionMask = 2147483647;
			files = (
			);
			runOnlyForDeploymentPostprocessing = 0;
		};
		1FB9B78324A7854D00A4D1C8 /* Frameworks */ = {
			isa = PBXFrameworksBuildPhase;
			buildActionMask = 2147483647;
			files = (
			);
			runOnlyForDeploymentPostprocessing = 0;
		};
/* End PBXFrameworksBuildPhase section */

/* Begin PBXGroup section */
		1FB9B75724A7854C00A4D1C8 = {
			isa = PBXGroup;
			children = (
				1FB9B76224A7854C00A4D1C8 /* XzwTest */,
				1FB9B77E24A7854D00A4D1C8 /* XzwTestTests */,
				1FB9B78924A7854D00A4D1C8 /* XzwTestUITests */,
				1FB9B76124A7854C00A4D1C8 /* Products */,
			);
			sourceTree = "<group>";
		};
		1FB9B76124A7854C00A4D1C8 /* Products */ = {
			isa = PBXGroup;
			children = (
				1FB9B76024A7854C00A4D1C8 /* XzwTest.app */,
				1FB9B77B24A7854D00A4D1C8 /* XzwTestTests.xctest */,
				1FB9B78624A7854D00A4D1C8 /* XzwTestUITests.xctest */,
			);
			name = Products;
			sourceTree = "<group>";
		};
		1FB9B76224A7854C00A4D1C8 /* XzwTest */ = {
			isa = PBXGroup;
			children = (
				1FB9B76324A7854C00A4D1C8 /* AppDelegate.h */,
				1FB9B76424A7854C00A4D1C8 /* AppDelegate.m */,
				1FB9B76624A7854C00A4D1C8 /* SceneDelegate.h */,
				1FB9B76724A7854C00A4D1C8 /* SceneDelegate.m */,
				1FB9B76924A7854C00A4D1C8 /* ViewController.h */,
				1FB9B76A24A7854C00A4D1C8 /* ViewController.m */,
				1FB9B76C24A7854C00A4D1C8 /* Main.storyboard */,
				1FB9B76F24A7854C00A4D1C8 /* Assets.xcassets */,
				1FB9B77124A7854C00A4D1C8 /* LaunchScreen.storyboard */,
				1FB9B77424A7854C00A4D1C8 /* Info.plist */,
				1FB9B77524A7854C00A4D1C8 /* main.m */,
			);
			path = XzwTest;
			sourceTree = "<group>";
		};
		1FB9B77E24A7854D00A4D1C8 /* XzwTestTests */ = {
			isa = PBXGroup;
			children = (
				1FB9B77F24A7854D00A4D1C8 /* XzwTestTests.m */,
				1FB9B78124A7854D00A4D1C8 /* Info.plist */,
			);
			path = XzwTestTests;
			sourceTree = "<group>";
		};
		1FB9B78924A7854D00A4D1C8 /* XzwTestUITests */ = {
			isa = PBXGroup;
			children = (
				1FB9B78A24A7854D00A4D1C8 /* XzwTestUITests.m */,
				1FB9B78C24A7854D00A4D1C8 /* Info.plist */,
			);
			path = XzwTestUITests;
			sourceTree = "<group>";
		};
/* End PBXGroup section */

/* Begin PBXNativeTarget section */
		1FB9B75F24A7854C00A4D1C8 /* XzwTest */ = {
			isa = PBXNativeTarget;
			buildConfigurationList = 1FB9B78F24A7854D00A4D1C8 /* Build configuration list for PBXNativeTarget "XzwTest" */;
			buildPhases = (
				1FB9B75C24A7854C00A4D1C8 /* Sources */,
				1FB9B75D24A7854C00A4D1C8 /* Frameworks */,
				1FB9B75E24A7854C00A4D1C8 /* Resources */,
			);
			buildRules = (
			);
			dependencies = (
			);
			name = XzwTest;
			productName = XzwTest;
			productReference = 1FB9B76024A7854C00A4D1C8 /* XzwTest.app */;
			productType = "com.apple.product-type.application";
		};
		1FB9B77A24A7854D00A4D1C8 /* XzwTestTests */ = {
			isa = PBXNativeTarget;
			buildConfigurationList = 1FB9B79224A7854D00A4D1C8 /* Build configuration list for PBXNativeTarget "XzwTestTests" */;
			buildPhases = (
				1FB9B77724A7854D00A4D1C8 /* Sources */,
				1FB9B77824A7854D00A4D1C8 /* Frameworks */,
				1FB9B77924A7854D00A4D1C8 /* Resources */,
			);
			buildRules = (
			);
			dependencies = (
				1FB9B77D24A7854D00A4D1C8 /* PBXTargetDependency */,
			);
			name = XzwTestTests;
			productName = XzwTestTests;
			productReference = 1FB9B77B24A7854D00A4D1C8 /* XzwTestTests.xctest */;
			productType = "com.apple.product-type.bundle.unit-test";
		};
		1FB9B78524A7854D00A4D1C8 /* XzwTestUITests */ = {
			isa = PBXNativeTarget;
			buildConfigurationList = 1FB9B79524A7854D00A4D1C8 /* Build configuration list for PBXNativeTarget "XzwTestUITests" */;
			buildPhases = (
				1FB9B78224A7854D00A4D1C8 /* Sources */,
				1FB9B78324A7854D00A4D1C8 /* Frameworks */,
				1FB9B78424A7854D00A4D1C8 /* Resources */,
			);
			buildRules = (
			);
			dependencies = (
				1FB9B78824A7854D00A4D1C8 /* PBXTargetDependency */,
			);
			name = XzwTestUITests;
			productName = XzwTestUITests;
			productReference = 1FB9B78624A7854D00A4D1C8 /* XzwTestUITests.xctest */;
			productType = "com.apple.product-type.bundle.ui-testing";
		};
/* End PBXNativeTarget section */

/* Begin PBXProject section */
		1FB9B75824A7854C00A4D1C8 /* Project object */ = {
			isa = PBXProject;
			attributes = {
				LastUpgradeCheck = 1150;
				ORGANIZATIONNAME = "Fujian first time iot technology investment co., LTD";
				TargetAttributes = {
					1FB9B75F24A7854C00A4D1C8 = {
						CreatedOnToolsVersion = 11.5;
					};
					1FB9B77A24A7854D00A4D1C8 = {
						CreatedOnToolsVersion = 11.5;
						TestTargetID = 1FB9B75F24A7854C00A4D1C8;
					};
					1FB9B78524A7854D00A4D1C8 = {
						CreatedOnToolsVersion = 11.5;
						TestTargetID = 1FB9B75F24A7854C00A4D1C8;
					};
				};
			};
			buildConfigurationList = 1FB9B75B24A7854C00A4D1C8 /* Build configuration list for PBXProject "XzwTest" */;
			compatibilityVersion = "Xcode 9.3";
			developmentRegion = en;
			hasScannedForEncodings = 0;
			knownRegions = (
				en,
				Base,
			);
			mainGroup = 1FB9B75724A7854C00A4D1C8;
			productRefGroup = 1FB9B76124A7854C00A4D1C8 /* Products */;
			projectDirPath = "";
			projectRoot = "";
			targets = (
				1FB9B75F24A7854C00A4D1C8 /* XzwTest */,
				1FB9B77A24A7854D00A4D1C8 /* XzwTestTests */,
				1FB9B78524A7854D00A4D1C8 /* XzwTestUITests */,
			);
		};
/* End PBXProject section */

/* Begin PBXResourcesBuildPhase section */
		1FB9B75E24A7854C00A4D1C8 /* Resources */ = {
			isa = PBXResourcesBuildPhase;
			buildActionMask = 2147483647;
			files = (
				1FB9B77324A7854C00A4D1C8 /* LaunchScreen.storyboard in Resources */,
				1FB9B77024A7854C00A4D1C8 /* Assets.xcassets in Resources */,
				1FB9B76E24A7854C00A4D1C8 /* Main.storyboard in Resources */,
			);
			runOnlyForDeploymentPostprocessing = 0;
		};
		1FB9B77924A7854D00A4D1C8 /* Resources */ = {
			isa = PBXResourcesBuildPhase;
			buildActionMask = 2147483647;
			files = (
			);
			runOnlyForDeploymentPostprocessing = 0;
		};
		1FB9B78424A7854D00A4D1C8 /* Resources */ = {
			isa = PBXResourcesBuildPhase;
			buildActionMask = 2147483647;
			files = (
			);
			runOnlyForDeploymentPostprocessing = 0;
		};
/* End PBXResourcesBuildPhase section */

/* Begin PBXSourcesBuildPhase section */
		1FB9B75C24A7854C00A4D1C8 /* Sources */ = {
			isa = PBXSourcesBuildPhase;
			buildActionMask = 2147483647;
			files = (
				1FB9B76B24A7854C00A4D1C8 /* ViewController.m in Sources */,
				1FB9B76524A7854C00A4D1C8 /* AppDelegate.m in Sources */,
				1FB9B77624A7854C00A4D1C8 /* main.m in Sources */,
				1FB9B76824A7854C00A4D1C8 /* SceneDelegate.m in Sources */,
			);
			runOnlyForDeploymentPostprocessing = 0;
		};
		1FB9B77724A7854D00A4D1C8 /* Sources */ = {
			isa = PBXSourcesBuildPhase;
			buildActionMask = 2147483647;
			files = (
				1FB9B78024A7854D00A4D1C8 /* XzwTestTests.m in Sources */,
			);
			runOnlyForDeploymentPostprocessing = 0;
		};
		1FB9B78224A7854D00A4D1C8 /* Sources */ = {
			isa = PBXSourcesBuildPhase;
			buildActionMask = 2147483647;
			files = (
				1FB9B78B24A7854D00A4D1C8 /* XzwTestUITests.m in Sources */,
			);
			runOnlyForDeploymentPostprocessing = 0;
		};
/* End PBXSourcesBuildPhase section */

/* Begin PBXTargetDependency section */
		1FB9B77D24A7854D00A4D1C8 /* PBXTargetDependency */ = {
			isa = PBXTargetDependency;
			target = 1FB9B75F24A7854C00A4D1C8 /* XzwTest */;
			targetProxy = 1FB9B77C24A7854D00A4D1C8 /* PBXContainerItemProxy */;
		};
		1FB9B78824A7854D00A4D1C8 /* PBXTargetDependency */ = {
			isa = PBXTargetDependency;
			target = 1FB9B75F24A7854C00A4D1C8 /* XzwTest */;
			targetProxy = 1FB9B78724A7854D00A4D1C8 /* PBXContainerItemProxy */;
		};
/* End PBXTargetDependency section */

/* Begin PBXVariantGroup section */
		1FB9B76C24A7854C00A4D1C8 /* Main.storyboard */ = {
			isa = PBXVariantGroup;
			children = (
				1FB9B76D24A7854C00A4D1C8 /* Base */,
			);
			name = Main.storyboard;
			sourceTree = "<group>";
		};
		1FB9B77124A7854C00A4D1C8 /* LaunchScreen.storyboard */ = {
			isa = PBXVariantGroup;
			children = (
				1FB9B77224A7854C00A4D1C8 /* Base */,
			);
			name = LaunchScreen.storyboard;
			sourceTree = "<group>";
		};
/* End PBXVariantGroup section */

/* Begin XCBuildConfiguration section */
		1FB9B78D24A7854D00A4D1C8 /* Debug */ = {
			isa = XCBuildConfiguration;
			buildSettings = {
				ALWAYS_SEARCH_USER_PATHS = NO;
				CLANG_ANALYZER_NONNULL = YES;
				CLANG_ANALYZER_NUMBER_OBJECT_CONVERSION = YES_AGGRESSIVE;
				CLANG_CXX_LANGUAGE_STANDARD = "gnu++14";
				CLANG_CXX_LIBRARY = "libc++";
				CLANG_ENABLE_MODULES = YES;
				CLANG_ENABLE_OBJC_ARC = YES;
				CLANG_ENABLE_OBJC_WEAK = YES;
				CLANG_WARN_BLOCK_CAPTURE_AUTORELEASING = YES;
				CLANG_WARN_BOOL_CONVERSION = YES;
				CLANG_WARN_COMMA = YES;
				CLANG_WARN_CONSTANT_CONVERSION = YES;
				CLANG_WARN_DEPRECATED_OBJC_IMPLEMENTATIONS = YES;
				CLANG_WARN_DIRECT_OBJC_ISA_USAGE = YES_ERROR;
				CLANG_WARN_DOCUMENTATION_COMMENTS = YES;
				CLANG_WARN_EMPTY_BODY = YES;
				CLANG_WARN_ENUM_CONVERSION = YES;
				CLANG_WARN_INFINITE_RECURSION = YES;
				CLANG_WARN_INT_CONVERSION = YES;
				CLANG_WARN_NON_LITERAL_NULL_CONVERSION = YES;
				CLANG_WARN_OBJC_IMPLICIT_RETAIN_SELF = YES;
				CLANG_WARN_OBJC_LITERAL_CONVERSION = YES;
				CLANG_WARN_OBJC_ROOT_CLASS = YES_ERROR;
				CLANG_WARN_RANGE_LOOP_ANALYSIS = YES;
				CLANG_WARN_STRICT_PROTOTYPES = YES;
				CLANG_WARN_SUSPICIOUS_MOVE = YES;
				CLANG_WARN_UNGUARDED_AVAILABILITY = YES_AGGRESSIVE;
				CLANG_WARN_UNREACHABLE_CODE = YES;
				CLANG_WARN__DUPLICATE_METHOD_MATCH = YES;
				COPY_PHASE_STRIP = NO;
				DEBUG_INFORMATION_FORMAT = dwarf;
				ENABLE_STRICT_OBJC_MSGSEND = YES;
				ENABLE_TESTABILITY = YES;
				GCC_C_LANGUAGE_STANDARD = gnu11;
				GCC_DYNAMIC_NO_PIC = NO;
				GCC_NO_COMMON_BLOCKS = YES;
				GCC_OPTIMIZATION_LEVEL = 0;
				GCC_PREPROCESSOR_DEFINITIONS = (
					"DEBUG=1",
					"$(inherited)",
				);
				GCC_WARN_64_TO_32_BIT_CONVERSION = YES;
				GCC_WARN_ABOUT_RETURN_TYPE = YES_ERROR;
				GCC_WARN_UNDECLARED_SELECTOR = YES;
				GCC_WARN_UNINITIALIZED_AUTOS = YES_AGGRESSIVE;
				GCC_WARN_UNUSED_FUNCTION = YES;
				GCC_WARN_UNUSED_VARIABLE = YES;
				IPHONEOS_DEPLOYMENT_TARGET = 13.5;
				MTL_ENABLE_DEBUG_INFO = INCLUDE_SOURCE;
				MTL_FAST_MATH = YES;
				ONLY_ACTIVE_ARCH = YES;
				SDKROOT = iphoneos;
			};
			name = Debug;
		};
		1FB9B78E24A7854D00A4D1C8 /* Release */ = {
			isa = XCBuildConfiguration;
			buildSettings = {
				ALWAYS_SEARCH_USER_PATHS = NO;
				CLANG_ANALYZER_NONNULL = YES;
				CLANG_ANALYZER_NUMBER_OBJECT_CONVERSION = YES_AGGRESSIVE;
				CLANG_CXX_LANGUAGE_STANDARD = "gnu++14";
				CLANG_CXX_LIBRARY = "libc++";
				CLANG_ENABLE_MODULES = YES;
				CLANG_ENABLE_OBJC_ARC = YES;
				CLANG_ENABLE_OBJC_WEAK = YES;
				CLANG_WARN_BLOCK_CAPTURE_AUTORELEASING = YES;
				CLANG_WARN_BOOL_CONVERSION = YES;
				CLANG_WARN_COMMA = YES;
				CLANG_WARN_CONSTANT_CONVERSION = YES;
				CLANG_WARN_DEPRECATED_OBJC_IMPLEMENTATIONS = YES;
				CLANG_WARN_DIRECT_OBJC_ISA_USAGE = YES_ERROR;
				CLANG_WARN_DOCUMENTATION_COMMENTS = YES;
				CLANG_WARN_EMPTY_BODY = YES;
				CLANG_WARN_ENUM_CONVERSION = YES;
				CLANG_WARN_INFINITE_RECURSION = YES;
				CLANG_WARN_INT_CONVERSION = YES;
				CLANG_WARN_NON_LITERAL_NULL_CONVERSION = YES;
				CLANG_WARN_OBJC_IMPLICIT_RETAIN_SELF = YES;
				CLANG_WARN_OBJC_LITERAL_CONVERSION = YES;
				CLANG_WARN_OBJC_ROOT_CLASS = YES_ERROR;
				CLANG_WARN_RANGE_LOOP_ANALYSIS = YES;
				CLANG_WARN_STRICT_PROTOTYPES = YES;
				CLANG_WARN_SUSPICIOUS_MOVE = YES;
				CLANG_WARN_UNGUARDED_AVAILABILITY = YES_AGGRESSIVE;
				CLANG_WARN_UNREACHABLE_CODE = YES;
				CLANG_WARN__DUPLICATE_METHOD_MATCH = YES;
				COPY_PHASE_STRIP = NO;
				DEBUG_INFORMATION_FORMAT = "dwarf-with-dsym";
				ENABLE_NS_ASSERTIONS = NO;
				ENABLE_STRICT_OBJC_MSGSEND = YES;
				GCC_C_LANGUAGE_STANDARD = gnu11;
				GCC_NO_COMMON_BLOCKS = YES;
				GCC_WARN_64_TO_32_BIT_CONVERSION = YES;
				GCC_WARN_ABOUT_RETURN_TYPE = YES_ERROR;
				GCC_WARN_UNDECLARED_SELECTOR = YES;
				GCC_WARN_UNINITIALIZED_AUTOS = YES_AGGRESSIVE;
				GCC_WARN_UNUSED_FUNCTION = YES;
				GCC_WARN_UNUSED_VARIABLE = YES;
				IPHONEOS_DEPLOYMENT_TARGET = 13.5;
				MTL_ENABLE_DEBUG_INFO = NO;
				MTL_FAST_MATH = YES;
				SDKROOT = iphoneos;
				VALIDATE_PRODUCT = YES;
			};
			name = Release;
		};
		1FB9B79024A7854D00A4D1C8 /* Debug */ = {
			isa = XCBuildConfiguration;
			buildSettings = {
				ASSETCATALOG_COMPILER_APPICON_NAME = AppIcon;
				CODE_SIGN_STYLE = Automatic;
				DEVELOPMENT_TEAM = Y28K2L3GRG;
				INFOPLIST_FILE = XzwTest/Info.plist;
				LD_RUNPATH_SEARCH_PATHS = (
					"$(inherited)",
					"@executable_path/Frameworks",
				);
				PRODUCT_BUNDLE_IDENTIFIER = com.first.XzwTest;
				PRODUCT_NAME = "$(TARGET_NAME)";
				TARGETED_DEVICE_FAMILY = "1,2";
			};
			name = Debug;
		};
		1FB9B79124A7854D00A4D1C8 /* Release */ = {
			isa = XCBuildConfiguration;
			buildSettings = {
				ASSETCATALOG_COMPILER_APPICON_NAME = AppIcon;
				CODE_SIGN_STYLE = Automatic;
				DEVELOPMENT_TEAM = Y28K2L3GRG;
				INFOPLIST_FILE = XzwTest/Info.plist;
				LD_RUNPATH_SEARCH_PATHS = (
					"$(inherited)",
					"@executable_path/Frameworks",
				);
				PRODUCT_BUNDLE_IDENTIFIER = com.first.XzwTest;
				PRODUCT_NAME = "$(TARGET_NAME)";
				TARGETED_DEVICE_FAMILY = "1,2";
			};
			name = Release;
		};
		1FB9B79324A7854D00A4D1C8 /* Debug */ = {
			isa = XCBuildConfiguration;
			buildSettings = {
				BUNDLE_LOADER = "$(TEST_HOST)";
				CODE_SIGN_STYLE = Automatic;
				DEVELOPMENT_TEAM = Y28K2L3GRG;
				INFOPLIST_FILE = XzwTestTests/Info.plist;
				IPHONEOS_DEPLOYMENT_TARGET = 13.5;
				LD_RUNPATH_SEARCH_PATHS = (
					"$(inherited)",
					"@executable_path/Frameworks",
					"@loader_path/Frameworks",
				);
				PRODUCT_BUNDLE_IDENTIFIER = com.first.XzwTestTests;
				PRODUCT_NAME = "$(TARGET_NAME)";
				TARGETED_DEVICE_FAMILY = "1,2";
				TEST_HOST = "$(BUILT_PRODUCTS_DIR)/XzwTest.app/XzwTest";
			};
			name = Debug;
		};
		1FB9B79424A7854D00A4D1C8 /* Release */ = {
			isa = XCBuildConfiguration;
			buildSettings = {
				BUNDLE_LOADER = "$(TEST_HOST)";
				CODE_SIGN_STYLE = Automatic;
				DEVELOPMENT_TEAM = Y28K2L3GRG;
				INFOPLIST_FILE = XzwTestTests/Info.plist;
				IPHONEOS_DEPLOYMENT_TARGET = 13.5;
				LD_RUNPATH_SEARCH_PATHS = (
					"$(inherited)",
					"@executable_path/Frameworks",
					"@loader_path/Frameworks",
				);
				PRODUCT_BUNDLE_IDENTIFIER = com.first.XzwTestTests;
				PRODUCT_NAME = "$(TARGET_NAME)";
				TARGETED_DEVICE_FAMILY = "1,2";
				TEST_HOST = "$(BUILT_PRODUCTS_DIR)/XzwTest.app/XzwTest";
			};
			name = Release;
		};
		1FB9B79624A7854D00A4D1C8 /* Debug */ = {
			isa = XCBuildConfiguration;
			buildSettings = {
				CODE_SIGN_STYLE = Automatic;
				DEVELOPMENT_TEAM = Y28K2L3GRG;
				INFOPLIST_FILE = XzwTestUITests/Info.plist;
				LD_RUNPATH_SEARCH_PATHS = (
					"$(inherited)",
					"@executable_path/Frameworks",
					"@loader_path/Frameworks",
				);
				PRODUCT_BUNDLE_IDENTIFIER = com.first.XzwTestUITests;
				PRODUCT_NAME = "$(TARGET_NAME)";
				TARGETED_DEVICE_FAMILY = "1,2";
				TEST_TARGET_NAME = XzwTest;
			};
			name = Debug;
		};
		1FB9B79724A7854D00A4D1C8 /* Release */ = {
			isa = XCBuildConfiguration;
			buildSettings = {
				CODE_SIGN_STYLE = Automatic;
				DEVELOPMENT_TEAM = Y28K2L3GRG;
				INFOPLIST_FILE = XzwTestUITests/Info.plist;
				LD_RUNPATH_SEARCH_PATHS = (
					"$(inherited)",
					"@executable_path/Frameworks",
					"@loader_path/Frameworks",
				);
				PRODUCT_BUNDLE_IDENTIFIER = com.first.XzwTestUITests;
				PRODUCT_NAME = "$(TARGET_NAME)";
				TARGETED_DEVICE_FAMILY = "1,2";
				TEST_TARGET_NAME = XzwTest;
			};
			name = Release;
		};
/* End XCBuildConfiguration section */

/* Begin XCConfigurationList section */
		1FB9B75B24A7854C00A4D1C8 /* Build configuration list for PBXProject "XzwTest" */ = {
			isa = XCConfigurationList;
			buildConfigurations = (
				1FB9B78D24A7854D00A4D1C8 /* Debug */,
				1FB9B78E24A7854D00A4D1C8 /* Release */,
			);
			defaultConfigurationIsVisible = 0;
			defaultConfigurationName = Release;
		};
		1FB9B78F24A7854D00A4D1C8 /* Build configuration list for PBXNativeTarget "XzwTest" */ = {
			isa = XCConfigurationList;
			buildConfigurations = (
				1FB9B79024A7854D00A4D1C8 /* Debug */,
				1FB9B79124A7854D00A4D1C8 /* Release */,
			);
			defaultConfigurationIsVisible = 0;
			defaultConfigurationName = Release;
		};
		1FB9B79224A7854D00A4D1C8 /* Build configuration list for PBXNativeTarget "XzwTestTests" */ = {
			isa = XCConfigurationList;
			buildConfigurations = (
				1FB9B79324A7854D00A4D1C8 /* Debug */,
				1FB9B79424A7854D00A4D1C8 /* Release */,
			);
			defaultConfigurationIsVisible = 0;
			defaultConfigurationName = Release;
		};
		1FB9B79524A7854D00A4D1C8 /* Build configuration list for PBXNativeTarget "XzwTestUITests" */ = {
			isa = XCConfigurationList;
			buildConfigurations = (
				1FB9B79624A7854D00A4D1C8 /* Debug */,
				1FB9B79724A7854D00A4D1C8 /* Release */,
			);
			defaultConfigurationIsVisible = 0;
			defaultConfigurationName = Release;
		};
/* End XCConfigurationList section */
	};
	rootObject = 1FB9B75824A7854C00A4D1C8 /* Project object */;
}
